
Microsoft Visual Studio Solution File, Format Version 12.00
# Visual Studio Version 16
VisualStudioVersion = 16.0.31112.23
MinimumVisualStudioVersion = 10.0.40219.1
Project("{9A19103F-16F7-4668-BE54-9A1E7A4F7556}") = "StudentsMarks", "StudentsMarks\StudentsMarks.csproj", "{5EB01CAA-C8B2-4EDD-9033-54EFC5CDDB69}"
EndProject
Global
	GlobalSection(SolutionConfigurationPlatforms) = preSolution
		Debug|Any CPU = Debug|Any CPU
		Release|Any CPU = Release|Any CPU
	EndGlobalSection
	GlobalSection(ProjectConfigurationPlatforms) = postSolution
		{5EB01CAA-C8B2-4EDD-9033-54EFC5CDDB69}.Debug|Any CPU.ActiveCfg = Debug|Any CPU
		{5EB01CAA-C8B2-4EDD-9033-54EFC5CDDB69}.Debug|Any CPU.Build.0 = Debug|Any CPU
		{5EB01CAA-C8B2-4EDD-9033-54EFC5CDDB69}.Release|Any CPU.ActiveCfg = Release|Any CPU
		{5EB01CAA-C8B2-4EDD-9033-54EFC5CDDB69}.Release|Any CPU.Build.0 = Release|Any CPU
	EndGlobalSection
	GlobalSection(SolutionProperties) = preSolution
		HideSolutionNode = FALSE
	EndGlobalSection
	GlobalSection(ExtensibilityGlobals) = postSolution
		SolutionGuid = {6481C83A-1619-4E1A-B01D-2E13493D731E}
	EndGlobalSection
EndGlobal
